
Microsoft Visual Studio Solution File, Format Version 12.00
# Visual Studio Version 17
VisualStudioVersion = 17.5.33530.505
MinimumVisualStudioVersion = 10.0.40219.1
Project("{FAE04EC0-301F-11D3-BF4B-00C04F79EFBC}") = "ConsoleAppMono", "ConsoleAppMono.csproj", "{8716601B-43FB-4B1B-9629-27959DA7953A}"
EndProject
Global
	GlobalSection(SolutionConfigurationPlatforms) = preSolution
		Debug|Any CPU = Debug|Any CPU
		Release|Any CPU = Release|Any CPU
	EndGlobalSection
	GlobalSection(ProjectConfigurationPlatforms) = postSolution
		{8716601B-43FB-4B1B-9629-27959DA7953A}.Debug|Any CPU.ActiveCfg = Debug|Any CPU
		{8716601B-43FB-4B1B-9629-27959DA7953A}.Debug|Any CPU.Build.0 = Debug|Any CPU
		{8716601B-43FB-4B1B-9629-27959DA7953A}.Release|Any CPU.ActiveCfg = Release|Any CPU
		{8716601B-43FB-4B1B-9629-27959DA7953A}.Release|Any CPU.Build.0 = Release|Any CPU
	EndGlobalSection
	GlobalSection(SolutionProperties) = preSolution
		HideSolutionNode = FALSE
	EndGlobalSection
	GlobalSection(ExtensibilityGlobals) = postSolution
		SolutionGuid = {5548B6E1-94B4-4000-9477-094FDEE0982B}
	EndGlobalSection
EndGlobal
